
Microsoft Visual Studio Solution File, Format Version 12.00
# Visual Studio 15
VisualStudioVersion = 15.0.28307.1259
MinimumVisualStudioVersion = 10.0.40219.1
Project("{FAE04EC0-301F-11D3-BF4B-00C04F79EFBC}") = "CustomTextBox", "CustomTextBox\CustomTextBox.csproj", "{27E1B066-ADE7-4BF5-89A9-F36D524BD3EB}"
EndProject
Global
	GlobalSection(SolutionConfigurationPlatforms) = preSolution
		Debug|Any CPU = Debug|Any CPU
		Release|Any CPU = Release|Any CPU
	EndGlobalSection
	GlobalSection(ProjectConfigurationPlatforms) = postSolution
		{27E1B066-ADE7-4BF5-89A9-F36D524BD3EB}.Debug|Any CPU.ActiveCfg = Debug|Any CPU
		{27E1B066-ADE7-4BF5-89A9-F36D524BD3EB}.Debug|Any CPU.Build.0 = Debug|Any CPU
		{27E1B066-ADE7-4BF5-89A9-F36D524BD3EB}.Release|Any CPU.ActiveCfg = Release|Any CPU
		{27E1B066-ADE7-4BF5-89A9-F36D524BD3EB}.Release|Any CPU.Build.0 = Release|Any CPU
	EndGlobalSection
	GlobalSection(SolutionProperties) = preSolution
		HideSolutionNode = FALSE
	EndGlobalSection
	GlobalSection(ExtensibilityGlobals) = postSolution
		SolutionGuid = {5765672E-8C5D-44E8-99DB-E97B393C10D5}
	EndGlobalSection
EndGlobal
