
Microsoft Visual Studio Solution File, Format Version 12.00
# Visual Studio Version 16
VisualStudioVersion = 16.0.32002.261
MinimumVisualStudioVersion = 10.0.40219.1
Project("{FAE04EC0-301F-11D3-BF4B-00C04F79EFBC}") = "CustomDrawApp", "CustomDrawApp\CustomDrawApp.csproj", "{C30C8D66-28A2-48A4-9399-41BEA16F4E12}"
EndProject
Project("{FAE04EC0-301F-11D3-BF4B-00C04F79EFBC}") = "Koz.Windows.Forms", "..\..\Private\NET\working\Koz.Windows.Forms\Koz.Windows.Forms.csproj", "{91457B53-D0F7-4FB3-85D3-013C8DA78C59}"
EndProject
Global
	GlobalSection(SolutionConfigurationPlatforms) = preSolution
		Debug|Any CPU = Debug|Any CPU
		Release|Any CPU = Release|Any CPU
	EndGlobalSection
	GlobalSection(ProjectConfigurationPlatforms) = postSolution
		{C30C8D66-28A2-48A4-9399-41BEA16F4E12}.Debug|Any CPU.ActiveCfg = Debug|Any CPU
		{C30C8D66-28A2-48A4-9399-41BEA16F4E12}.Debug|Any CPU.Build.0 = Debug|Any CPU
		{C30C8D66-28A2-48A4-9399-41BEA16F4E12}.Release|Any CPU.ActiveCfg = Release|Any CPU
		{C30C8D66-28A2-48A4-9399-41BEA16F4E12}.Release|Any CPU.Build.0 = Release|Any CPU
		{91457B53-D0F7-4FB3-85D3-013C8DA78C59}.Debug|Any CPU.ActiveCfg = Debug|Any CPU
		{91457B53-D0F7-4FB3-85D3-013C8DA78C59}.Debug|Any CPU.Build.0 = Debug|Any CPU
		{91457B53-D0F7-4FB3-85D3-013C8DA78C59}.Release|Any CPU.ActiveCfg = Release|Any CPU
		{91457B53-D0F7-4FB3-85D3-013C8DA78C59}.Release|Any CPU.Build.0 = Release|Any CPU
	EndGlobalSection
	GlobalSection(SolutionProperties) = preSolution
		HideSolutionNode = FALSE
	EndGlobalSection
	GlobalSection(ExtensibilityGlobals) = postSolution
		SolutionGuid = {B05A525E-D75D-4E58-87C4-87219D140BE9}
	EndGlobalSection
EndGlobal
