
Microsoft Visual Studio Solution File, Format Version 12.00
# Visual Studio Version 16
VisualStudioVersion = 16.0.31424.327
MinimumVisualStudioVersion = 10.0.40219.1
Project("{FAE04EC0-301F-11D3-BF4B-00C04F79EFBC}") = "GetListViewItem", "GetListViewItem\GetListViewItem.csproj", "{326C4544-865F-4DEC-BA99-6140DAAA9ABE}"
EndProject
Global
	GlobalSection(SolutionConfigurationPlatforms) = preSolution
		Debug|Any CPU = Debug|Any CPU
		Release|Any CPU = Release|Any CPU
	EndGlobalSection
	GlobalSection(ProjectConfigurationPlatforms) = postSolution
		{326C4544-865F-4DEC-BA99-6140DAAA9ABE}.Debug|Any CPU.ActiveCfg = Debug|Any CPU
		{326C4544-865F-4DEC-BA99-6140DAAA9ABE}.Debug|Any CPU.Build.0 = Debug|Any CPU
		{326C4544-865F-4DEC-BA99-6140DAAA9ABE}.Release|Any CPU.ActiveCfg = Release|Any CPU
		{326C4544-865F-4DEC-BA99-6140DAAA9ABE}.Release|Any CPU.Build.0 = Release|Any CPU
	EndGlobalSection
	GlobalSection(SolutionProperties) = preSolution
		HideSolutionNode = FALSE
	EndGlobalSection
	GlobalSection(ExtensibilityGlobals) = postSolution
		SolutionGuid = {06D511BF-848E-44FE-8586-4B1CCDF04922}
	EndGlobalSection
EndGlobal
