
Microsoft Visual Studio Solution File, Format Version 12.00
# Visual Studio Version 16
VisualStudioVersion = 16.0.31702.278
MinimumVisualStudioVersion = 10.0.40219.1
Project("{FAE04EC0-301F-11D3-BF4B-00C04F79EFBC}") = "RandomFileSample", "RandomFileSample\RandomFileSample.csproj", "{88EE3EAA-5FB7-43C8-863A-E45F0F475C3D}"
EndProject
Global
	GlobalSection(SolutionConfigurationPlatforms) = preSolution
		Debug|Any CPU = Debug|Any CPU
		Release|Any CPU = Release|Any CPU
	EndGlobalSection
	GlobalSection(ProjectConfigurationPlatforms) = postSolution
		{88EE3EAA-5FB7-43C8-863A-E45F0F475C3D}.Debug|Any CPU.ActiveCfg = Debug|Any CPU
		{88EE3EAA-5FB7-43C8-863A-E45F0F475C3D}.Debug|Any CPU.Build.0 = Debug|Any CPU
		{88EE3EAA-5FB7-43C8-863A-E45F0F475C3D}.Release|Any CPU.ActiveCfg = Release|Any CPU
		{88EE3EAA-5FB7-43C8-863A-E45F0F475C3D}.Release|Any CPU.Build.0 = Release|Any CPU
	EndGlobalSection
	GlobalSection(SolutionProperties) = preSolution
		HideSolutionNode = FALSE
	EndGlobalSection
	GlobalSection(ExtensibilityGlobals) = postSolution
		SolutionGuid = {4CA81523-56A4-466A-A8D6-074423A7B4D6}
	EndGlobalSection
EndGlobal
